
Microsoft Visual Studio Solution File, Format Version 12.00
# Visual Studio Version 16
VisualStudioVersion = 16.0.31313.79
MinimumVisualStudioVersion = 10.0.40219.1
Project("{FAE04EC0-301F-11D3-BF4B-00C04F79EFBC}") = "ESchool", "ESchool\ESchool.csproj", "{CD9F4BC1-6D1D-4165-A091-AE0970D02ED5}"
EndProject
Global
	GlobalSection(SolutionConfigurationPlatforms) = preSolution
		Debug|Any CPU = Debug|Any CPU
		Release|Any CPU = Release|Any CPU
	EndGlobalSection
	GlobalSection(ProjectConfigurationPlatforms) = postSolution
		{CD9F4BC1-6D1D-4165-A091-AE0970D02ED5}.Debug|Any CPU.ActiveCfg = Debug|Any CPU
		{CD9F4BC1-6D1D-4165-A091-AE0970D02ED5}.Debug|Any CPU.Build.0 = Debug|Any CPU
		{CD9F4BC1-6D1D-4165-A091-AE0970D02ED5}.Release|Any CPU.ActiveCfg = Release|Any CPU
		{CD9F4BC1-6D1D-4165-A091-AE0970D02ED5}.Release|Any CPU.Build.0 = Release|Any CPU
	EndGlobalSection
	GlobalSection(SolutionProperties) = preSolution
		HideSolutionNode = FALSE
	EndGlobalSection
	GlobalSection(ExtensibilityGlobals) = postSolution
		SolutionGuid = {BAB2FC6B-296E-4385-A4CD-22B86453BC3D}
	EndGlobalSection
EndGlobal
